
Microsoft Visual Studio Solution File, Format Version 12.00
# Visual Studio 2012
Project("{2150E333-8FDC-42A3-9474-1A3956D46DE8}") = "Solution Items", "Solution Items", "{2768E22D-2404-452C-877C-777CB60A1651}"
	ProjectSection(SolutionItems) = preProject
		DataVehicles4.vsmdi = DataVehicles4.vsmdi
		Local.testsettings = Local.testsettings
		TraceAndTestImpact.testsettings = TraceAndTestImpact.testsettings
	EndProjectSection
EndProject
Project("{FAE04EC0-301F-11D3-BF4B-00C04F79EFBC}") = "DataVehicles4.DataAccess", "DataVehicles4.DataAccess\DataVehicles4.DataAccess.csproj", "{F16FB24B-E0AB-4B99-9477-186DCAFCC3C7}"
EndProject
Project("{FAE04EC0-301F-11D3-BF4B-00C04F79EFBC}") = "DataVehicles4.Service", "DataVehicles4.Service\DataVehicles4.Service.csproj", "{BDE3D950-4D2E-4BC3-85C9-F497CB31DCC7}"
EndProject
Project("{FAE04EC0-301F-11D3-BF4B-00C04F79EFBC}") = "DataVehicles4.Client", "DataVehicles4.Client\DataVehicles4.Client.csproj", "{6A9EE45F-321A-462D-869D-7B30E7DD271C}"
EndProject
Project("{FAE04EC0-301F-11D3-BF4B-00C04F79EFBC}") = "DataVehicles4.UnitTests", "DataVehicles4.UnitTests\DataVehicles4.UnitTests.csproj", "{A47BE327-B508-4092-8AF6-93431DDE9B15}"
EndProject
Project("{FAE04EC0-301F-11D3-BF4B-00C04F79EFBC}") = "DataVehicles.Domain", "DataVehicles.Domain\DataVehicles.Domain.csproj", "{1354523D-184F-4442-8405-FD3BE986FAFC}"
EndProject
Project("{FAE04EC0-301F-11D3-BF4B-00C04F79EFBC}") = "DataVehicles4.ServiceProxy", "DataVehicles4.ServiceProxy\DataVehicles4.ServiceProxy.csproj", "{1D2B50BA-6910-41A7-93C7-B2484CD0E734}"
	ProjectSection(ProjectDependencies) = postProject
		{BDE3D950-4D2E-4BC3-85C9-F497CB31DCC7} = {BDE3D950-4D2E-4BC3-85C9-F497CB31DCC7}
	EndProjectSection
EndProject
Project("{2150E333-8FDC-42A3-9474-1A3956D46DE8}") = "Client", "Client", "{8342C4FF-658D-4042-91C7-7DB85D3EF0AB}"
EndProject
Project("{2150E333-8FDC-42A3-9474-1A3956D46DE8}") = "Server", "Server", "{BD1B14A2-F4FB-48DF-9552-ACE5A3492879}"
EndProject
Project("{FAE04EC0-301F-11D3-BF4B-00C04F79EFBC}") = "DataVehicle4.ViewModel", "Client\DataVehicle4.ViewModel\DataVehicle4.ViewModel.csproj", "{5CB41AD6-B77A-4D43-85FA-DF3E3087EA33}"
EndProject
Project("{FAE04EC0-301F-11D3-BF4B-00C04F79EFBC}") = "DataVehicles4.ApplicationUseCase", "Server\DataVehicles4.ApplicationUseCase\DataVehicles4.ApplicationUseCase.csproj", "{C47FAA64-D367-4C37-A82F-2982FC4F7A6A}"
EndProject
Global
	GlobalSection(TestCaseManagementSettings) = postSolution
		CategoryFile = DataVehicles4.vsmdi
	EndGlobalSection
	GlobalSection(SolutionConfigurationPlatforms) = preSolution
		Debug|Any CPU = Debug|Any CPU
		Debug|Mixed Platforms = Debug|Mixed Platforms
		Debug|x86 = Debug|x86
		Release|Any CPU = Release|Any CPU
		Release|Mixed Platforms = Release|Mixed Platforms
		Release|x86 = Release|x86
	EndGlobalSection
	GlobalSection(ProjectConfigurationPlatforms) = postSolution
		{F16FB24B-E0AB-4B99-9477-186DCAFCC3C7}.Debug|Any CPU.ActiveCfg = Debug|Any CPU
		{F16FB24B-E0AB-4B99-9477-186DCAFCC3C7}.Debug|Any CPU.Build.0 = Debug|Any CPU
		{F16FB24B-E0AB-4B99-9477-186DCAFCC3C7}.Debug|Mixed Platforms.ActiveCfg = Debug|Any CPU
		{F16FB24B-E0AB-4B99-9477-186DCAFCC3C7}.Debug|Mixed Platforms.Build.0 = Debug|Any CPU
		{F16FB24B-E0AB-4B99-9477-186DCAFCC3C7}.Debug|x86.ActiveCfg = Debug|Any CPU
		{F16FB24B-E0AB-4B99-9477-186DCAFCC3C7}.Release|Any CPU.ActiveCfg = Release|Any CPU
		{F16FB24B-E0AB-4B99-9477-186DCAFCC3C7}.Release|Any CPU.Build.0 = Release|Any CPU
		{F16FB24B-E0AB-4B99-9477-186DCAFCC3C7}.Release|Mixed Platforms.ActiveCfg = Release|Any CPU
		{F16FB24B-E0AB-4B99-9477-186DCAFCC3C7}.Release|Mixed Platforms.Build.0 = Release|Any CPU
		{F16FB24B-E0AB-4B99-9477-186DCAFCC3C7}.Release|x86.ActiveCfg = Release|Any CPU
		{BDE3D950-4D2E-4BC3-85C9-F497CB31DCC7}.Debug|Any CPU.ActiveCfg = Debug|Any CPU
		{BDE3D950-4D2E-4BC3-85C9-F497CB31DCC7}.Debug|Any CPU.Build.0 = Debug|Any CPU
		{BDE3D950-4D2E-4BC3-85C9-F497CB31DCC7}.Debug|Mixed Platforms.ActiveCfg = Debug|Any CPU
		{BDE3D950-4D2E-4BC3-85C9-F497CB31DCC7}.Debug|Mixed Platforms.Build.0 = Debug|Any CPU
		{BDE3D950-4D2E-4BC3-85C9-F497CB31DCC7}.Debug|x86.ActiveCfg = Debug|Any CPU
		{BDE3D950-4D2E-4BC3-85C9-F497CB31DCC7}.Release|Any CPU.ActiveCfg = Release|Any CPU
		{BDE3D950-4D2E-4BC3-85C9-F497CB31DCC7}.Release|Any CPU.Build.0 = Release|Any CPU
		{BDE3D950-4D2E-4BC3-85C9-F497CB31DCC7}.Release|Mixed Platforms.ActiveCfg = Release|Any CPU
		{BDE3D950-4D2E-4BC3-85C9-F497CB31DCC7}.Release|Mixed Platforms.Build.0 = Release|Any CPU
		{BDE3D950-4D2E-4BC3-85C9-F497CB31DCC7}.Release|x86.ActiveCfg = Release|Any CPU
		{6A9EE45F-321A-462D-869D-7B30E7DD271C}.Debug|Any CPU.ActiveCfg = Debug|x86
		{6A9EE45F-321A-462D-869D-7B30E7DD271C}.Debug|Mixed Platforms.ActiveCfg = Debug|x86
		{6A9EE45F-321A-462D-869D-7B30E7DD271C}.Debug|Mixed Platforms.Build.0 = Debug|x86
		{6A9EE45F-321A-462D-869D-7B30E7DD271C}.Debug|x86.ActiveCfg = Debug|x86
		{6A9EE45F-321A-462D-869D-7B30E7DD271C}.Debug|x86.Build.0 = Debug|x86
		{6A9EE45F-321A-462D-869D-7B30E7DD271C}.Release|Any CPU.ActiveCfg = Release|x86
		{6A9EE45F-321A-462D-869D-7B30E7DD271C}.Release|Mixed Platforms.ActiveCfg = Release|x86
		{6A9EE45F-321A-462D-869D-7B30E7DD271C}.Release|Mixed Platforms.Build.0 = Release|x86
		{6A9EE45F-321A-462D-869D-7B30E7DD271C}.Release|x86.ActiveCfg = Release|x86
		{6A9EE45F-321A-462D-869D-7B30E7DD271C}.Release|x86.Build.0 = Release|x86
		{A47BE327-B508-4092-8AF6-93431DDE9B15}.Debug|Any CPU.ActiveCfg = Debug|Any CPU
		{A47BE327-B508-4092-8AF6-93431DDE9B15}.Debug|Any CPU.Build.0 = Debug|Any CPU
		{A47BE327-B508-4092-8AF6-93431DDE9B15}.Debug|Mixed Platforms.ActiveCfg = Debug|Any CPU
		{A47BE327-B508-4092-8AF6-93431DDE9B15}.Debug|Mixed Platforms.Build.0 = Debug|Any CPU
		{A47BE327-B508-4092-8AF6-93431DDE9B15}.Debug|x86.ActiveCfg = Debug|Any CPU
		{A47BE327-B508-4092-8AF6-93431DDE9B15}.Release|Any CPU.ActiveCfg = Release|Any CPU
		{A47BE327-B508-4092-8AF6-93431DDE9B15}.Release|Any CPU.Build.0 = Release|Any CPU
		{A47BE327-B508-4092-8AF6-93431DDE9B15}.Release|Mixed Platforms.ActiveCfg = Release|Any CPU
		{A47BE327-B508-4092-8AF6-93431DDE9B15}.Release|Mixed Platforms.Build.0 = Release|Any CPU
		{A47BE327-B508-4092-8AF6-93431DDE9B15}.Release|x86.ActiveCfg = Release|Any CPU
		{1354523D-184F-4442-8405-FD3BE986FAFC}.Debug|Any CPU.ActiveCfg = Debug|Any CPU
		{1354523D-184F-4442-8405-FD3BE986FAFC}.Debug|Any CPU.Build.0 = Debug|Any CPU
		{1354523D-184F-4442-8405-FD3BE986FAFC}.Debug|Mixed Platforms.ActiveCfg = Debug|Any CPU
		{1354523D-184F-4442-8405-FD3BE986FAFC}.Debug|Mixed Platforms.Build.0 = Debug|Any CPU
		{1354523D-184F-4442-8405-FD3BE986FAFC}.Debug|x86.ActiveCfg = Debug|Any CPU
		{1354523D-184F-4442-8405-FD3BE986FAFC}.Release|Any CPU.ActiveCfg = Release|Any CPU
		{1354523D-184F-4442-8405-FD3BE986FAFC}.Release|Any CPU.Build.0 = Release|Any CPU
		{1354523D-184F-4442-8405-FD3BE986FAFC}.Release|Mixed Platforms.ActiveCfg = Release|Any CPU
		{1354523D-184F-4442-8405-FD3BE986FAFC}.Release|Mixed Platforms.Build.0 = Release|Any CPU
		{1354523D-184F-4442-8405-FD3BE986FAFC}.Release|x86.ActiveCfg = Release|Any CPU
		{1D2B50BA-6910-41A7-93C7-B2484CD0E734}.Debug|Any CPU.ActiveCfg = Debug|Any CPU
		{1D2B50BA-6910-41A7-93C7-B2484CD0E734}.Debug|Any CPU.Build.0 = Debug|Any CPU
		{1D2B50BA-6910-41A7-93C7-B2484CD0E734}.Debug|Mixed Platforms.ActiveCfg = Debug|Any CPU
		{1D2B50BA-6910-41A7-93C7-B2484CD0E734}.Debug|Mixed Platforms.Build.0 = Debug|Any CPU
		{1D2B50BA-6910-41A7-93C7-B2484CD0E734}.Debug|x86.ActiveCfg = Debug|Any CPU
		{1D2B50BA-6910-41A7-93C7-B2484CD0E734}.Release|Any CPU.ActiveCfg = Release|Any CPU
		{1D2B50BA-6910-41A7-93C7-B2484CD0E734}.Release|Any CPU.Build.0 = Release|Any CPU
		{1D2B50BA-6910-41A7-93C7-B2484CD0E734}.Release|Mixed Platforms.ActiveCfg = Release|Any CPU
		{1D2B50BA-6910-41A7-93C7-B2484CD0E734}.Release|Mixed Platforms.Build.0 = Release|Any CPU
		{1D2B50BA-6910-41A7-93C7-B2484CD0E734}.Release|x86.ActiveCfg = Release|Any CPU
		{5CB41AD6-B77A-4D43-85FA-DF3E3087EA33}.Debug|Any CPU.ActiveCfg = Debug|Any CPU
		{5CB41AD6-B77A-4D43-85FA-DF3E3087EA33}.Debug|Any CPU.Build.0 = Debug|Any CPU
		{5CB41AD6-B77A-4D43-85FA-DF3E3087EA33}.Debug|Mixed Platforms.ActiveCfg = Debug|Any CPU
		{5CB41AD6-B77A-4D43-85FA-DF3E3087EA33}.Debug|Mixed Platforms.Build.0 = Debug|Any CPU
		{5CB41AD6-B77A-4D43-85FA-DF3E3087EA33}.Debug|x86.ActiveCfg = Debug|Any CPU
		{5CB41AD6-B77A-4D43-85FA-DF3E3087EA33}.Release|Any CPU.ActiveCfg = Release|Any CPU
		{5CB41AD6-B77A-4D43-85FA-DF3E3087EA33}.Release|Any CPU.Build.0 = Release|Any CPU
		{5CB41AD6-B77A-4D43-85FA-DF3E3087EA33}.Release|Mixed Platforms.ActiveCfg = Release|Any CPU
		{5CB41AD6-B77A-4D43-85FA-DF3E3087EA33}.Release|Mixed Platforms.Build.0 = Release|Any CPU
		{5CB41AD6-B77A-4D43-85FA-DF3E3087EA33}.Release|x86.ActiveCfg = Release|Any CPU
		{C47FAA64-D367-4C37-A82F-2982FC4F7A6A}.Debug|Any CPU.ActiveCfg = Debug|Any CPU
		{C47FAA64-D367-4C37-A82F-2982FC4F7A6A}.Debug|Any CPU.Build.0 = Debug|Any CPU
		{C47FAA64-D367-4C37-A82F-2982FC4F7A6A}.Debug|Mixed Platforms.ActiveCfg = Debug|Any CPU
		{C47FAA64-D367-4C37-A82F-2982FC4F7A6A}.Debug|Mixed Platforms.Build.0 = Debug|Any CPU
		{C47FAA64-D367-4C37-A82F-2982FC4F7A6A}.Debug|x86.ActiveCfg = Debug|Any CPU
		{C47FAA64-D367-4C37-A82F-2982FC4F7A6A}.Release|Any CPU.ActiveCfg = Release|Any CPU
		{C47FAA64-D367-4C37-A82F-2982FC4F7A6A}.Release|Any CPU.Build.0 = Release|Any CPU
		{C47FAA64-D367-4C37-A82F-2982FC4F7A6A}.Release|Mixed Platforms.ActiveCfg = Release|Any CPU
		{C47FAA64-D367-4C37-A82F-2982FC4F7A6A}.Release|Mixed Platforms.Build.0 = Release|Any CPU
		{C47FAA64-D367-4C37-A82F-2982FC4F7A6A}.Release|x86.ActiveCfg = Release|Any CPU
	EndGlobalSection
	GlobalSection(SolutionProperties) = preSolution
		HideSolutionNode = FALSE
	EndGlobalSection
	GlobalSection(NestedProjects) = preSolution
		{BDE3D950-4D2E-4BC3-85C9-F497CB31DCC7} = {BD1B14A2-F4FB-48DF-9552-ACE5A3492879}
		{F16FB24B-E0AB-4B99-9477-186DCAFCC3C7} = {BD1B14A2-F4FB-48DF-9552-ACE5A3492879}
		{C47FAA64-D367-4C37-A82F-2982FC4F7A6A} = {BD1B14A2-F4FB-48DF-9552-ACE5A3492879}
		{1D2B50BA-6910-41A7-93C7-B2484CD0E734} = {8342C4FF-658D-4042-91C7-7DB85D3EF0AB}
		{6A9EE45F-321A-462D-869D-7B30E7DD271C} = {8342C4FF-658D-4042-91C7-7DB85D3EF0AB}
		{5CB41AD6-B77A-4D43-85FA-DF3E3087EA33} = {8342C4FF-658D-4042-91C7-7DB85D3EF0AB}
	EndGlobalSection
EndGlobal
